
Microsoft Visual Studio Solution File, Format Version 12.00
# Visual Studio Version 17
VisualStudioVersion = 17.7.34024.191
MinimumVisualStudioVersion = 10.0.40219.1
Project("{9A19103F-16F7-4668-BE54-9A1E7A4F7556}") = "ContosoCrafts.WebSite", "ContosoCrafts.WebSite\ContosoCrafts.WebSite.csproj", "{2E25C1E9-390E-47EE-BFC6-4F112A68B2DF}"
EndProject
Global
	GlobalSection(SolutionConfigurationPlatforms) = preSolution
		Debug|Any CPU = Debug|Any CPU
		Release|Any CPU = Release|Any CPU
	EndGlobalSection
	GlobalSection(ProjectConfigurationPlatforms) = postSolution
		{2E25C1E9-390E-47EE-BFC6-4F112A68B2DF}.Debug|Any CPU.ActiveCfg = Debug|Any CPU
		{2E25C1E9-390E-47EE-BFC6-4F112A68B2DF}.Debug|Any CPU.Build.0 = Debug|Any CPU
		{2E25C1E9-390E-47EE-BFC6-4F112A68B2DF}.Release|Any CPU.ActiveCfg = Release|Any CPU
		{2E25C1E9-390E-47EE-BFC6-4F112A68B2DF}.Release|Any CPU.Build.0 = Release|Any CPU
	EndGlobalSection
	GlobalSection(SolutionProperties) = preSolution
		HideSolutionNode = FALSE
	EndGlobalSection
	GlobalSection(ExtensibilityGlobals) = postSolution
		SolutionGuid = {ED603CEB-9A3A-4B50-AA65-0EC1AD921930}
	EndGlobalSection
EndGlobal
